
Microsoft Visual Studio Solution File, Format Version 12.00
# Visual Studio Version 17
VisualStudioVersion = 17.11.35327.3
MinimumVisualStudioVersion = 10.0.40219.1
Project("{2150E333-8FDC-42A3-9474-1A3956D46DE8}") = "FrontEnd", "FrontEnd", "{898A29B7-943E-4C22-8277-3C0A19B9EC80}"
EndProject
Project("{2150E333-8FDC-42A3-9474-1A3956D46DE8}") = "Gateway", "Gateway", "{DDEF0333-7D33-4575-A5E9-D3ECDD62C643}"
EndProject
Project("{2150E333-8FDC-42A3-9474-1A3956D46DE8}") = "Integration", "Integration", "{43509AB1-8066-4E23-827E-18573A1FF733}"
EndProject
Project("{2150E333-8FDC-42A3-9474-1A3956D46DE8}") = "Services", "Services", "{530C8A1B-187D-4FB7-AA2D-5EE08BE06923}"
EndProject
Project("{9A19103F-16F7-4668-BE54-9A1E7A4F7556}") = "CouponAPI", "Mango\CouponAPI.csproj", "{865B8E77-746F-44C8-8262-47499CEE64E9}"
EndProject
Project("{9A19103F-16F7-4668-BE54-9A1E7A4F7556}") = "ProductAPI", "ProductAPI\ProductAPI.csproj", "{56CE2488-56AE-42F2-9907-C7C8E0AA502F}"
EndProject
Project("{FAE04EC0-301F-11D3-BF4B-00C04F79EFBC}") = "AuthAPI", "AuthAPI\AuthAPI.csproj", "{200CCCAD-6D81-4539-A227-7EB4EEA6D530}"
EndProject
Global
	GlobalSection(SolutionConfigurationPlatforms) = preSolution
		Debug|Any CPU = Debug|Any CPU
		Release|Any CPU = Release|Any CPU
	EndGlobalSection
	GlobalSection(ProjectConfigurationPlatforms) = postSolution
		{865B8E77-746F-44C8-8262-47499CEE64E9}.Debug|Any CPU.ActiveCfg = Debug|Any CPU
		{865B8E77-746F-44C8-8262-47499CEE64E9}.Debug|Any CPU.Build.0 = Debug|Any CPU
		{865B8E77-746F-44C8-8262-47499CEE64E9}.Release|Any CPU.ActiveCfg = Release|Any CPU
		{865B8E77-746F-44C8-8262-47499CEE64E9}.Release|Any CPU.Build.0 = Release|Any CPU
		{56CE2488-56AE-42F2-9907-C7C8E0AA502F}.Debug|Any CPU.ActiveCfg = Debug|Any CPU
		{56CE2488-56AE-42F2-9907-C7C8E0AA502F}.Debug|Any CPU.Build.0 = Debug|Any CPU
		{56CE2488-56AE-42F2-9907-C7C8E0AA502F}.Release|Any CPU.ActiveCfg = Release|Any CPU
		{56CE2488-56AE-42F2-9907-C7C8E0AA502F}.Release|Any CPU.Build.0 = Release|Any CPU
		{200CCCAD-6D81-4539-A227-7EB4EEA6D530}.Debug|Any CPU.ActiveCfg = Debug|Any CPU
		{200CCCAD-6D81-4539-A227-7EB4EEA6D530}.Debug|Any CPU.Build.0 = Debug|Any CPU
		{200CCCAD-6D81-4539-A227-7EB4EEA6D530}.Release|Any CPU.ActiveCfg = Release|Any CPU
		{200CCCAD-6D81-4539-A227-7EB4EEA6D530}.Release|Any CPU.Build.0 = Release|Any CPU
	EndGlobalSection
	GlobalSection(SolutionProperties) = preSolution
		HideSolutionNode = FALSE
	EndGlobalSection
	GlobalSection(NestedProjects) = preSolution
		{865B8E77-746F-44C8-8262-47499CEE64E9} = {530C8A1B-187D-4FB7-AA2D-5EE08BE06923}
		{56CE2488-56AE-42F2-9907-C7C8E0AA502F} = {530C8A1B-187D-4FB7-AA2D-5EE08BE06923}
		{200CCCAD-6D81-4539-A227-7EB4EEA6D530} = {530C8A1B-187D-4FB7-AA2D-5EE08BE06923}
	EndGlobalSection
	GlobalSection(ExtensibilityGlobals) = postSolution
		SolutionGuid = {4E9BFD32-B5AE-4262-BFB2-905FAFD74B6B}
	EndGlobalSection
EndGlobal
