
Microsoft Visual Studio Solution File, Format Version 12.00
# Visual Studio Version 17
VisualStudioVersion = 17.5.001.0
MinimumVisualStudioVersion = 10.0.40219.1
Project("{9A19103F-16F7-4668-BE54-9A1E7A4F7556}") = "DotNet.Docker", "DotNet.Docker.csproj", "{251261C7-4375-42C0-B9A4-4C5118DC6416}"
EndProject
Global
	GlobalSection(SolutionConfigurationPlatforms) = preSolution
		Debug|Any CPU = Debug|Any CPU
		Release|Any CPU = Release|Any CPU
	EndGlobalSection
	GlobalSection(ProjectConfigurationPlatforms) = postSolution
		{251261C7-4375-42C0-B9A4-4C5118DC6416}.Debug|Any CPU.ActiveCfg = Debug|Any CPU
		{251261C7-4375-42C0-B9A4-4C5118DC6416}.Debug|Any CPU.Build.0 = Debug|Any CPU
		{251261C7-4375-42C0-B9A4-4C5118DC6416}.Release|Any CPU.ActiveCfg = Release|Any CPU
		{251261C7-4375-42C0-B9A4-4C5118DC6416}.Release|Any CPU.Build.0 = Release|Any CPU
	EndGlobalSection
	GlobalSection(SolutionProperties) = preSolution
		HideSolutionNode = FALSE
	EndGlobalSection
	GlobalSection(ExtensibilityGlobals) = postSolution
		SolutionGuid = {89B0807B-E6A1-4847-B85A-D8C7186C46F3}
	EndGlobalSection
EndGlobal
